
Microsoft Visual Studio Solution File, Format Version 12.00
Project("{FAE04EC0-301F-11D3-BF4B-00C04F79EFBC}") = "ConsoleGame1", "ConsoleGame1\ConsoleGame1.csproj", "{F2BF4D34-B86A-453D-A3EA-6D4AFDE74786}"
EndProject
Global
	GlobalSection(SolutionConfigurationPlatforms) = preSolution
		Debug|Any CPU = Debug|Any CPU
		Release|Any CPU = Release|Any CPU
	EndGlobalSection
	GlobalSection(ProjectConfigurationPlatforms) = postSolution
		{F2BF4D34-B86A-453D-A3EA-6D4AFDE74786}.Debug|Any CPU.ActiveCfg = Debug|Any CPU
		{F2BF4D34-B86A-453D-A3EA-6D4AFDE74786}.Debug|Any CPU.Build.0 = Debug|Any CPU
		{F2BF4D34-B86A-453D-A3EA-6D4AFDE74786}.Release|Any CPU.ActiveCfg = Release|Any CPU
		{F2BF4D34-B86A-453D-A3EA-6D4AFDE74786}.Release|Any CPU.Build.0 = Release|Any CPU
	EndGlobalSection
EndGlobal
